
Microsoft Visual Studio Solution File, Format Version 12.00
# Visual Studio Version 16
VisualStudioVersion = 16.0.30011.22
MinimumVisualStudioVersion = 10.0.40219.1
Project("{FAE04EC0-301F-11D3-BF4B-00C04F79EFBC}") = "Protection Suite", "Funphotos Protection Suite\Protection Suite.csproj", "{10A5CF5C-1B22-42F7-B371-AE2BF164AA3E}"
EndProject
Global
	GlobalSection(SolutionConfigurationPlatforms) = preSolution
		Debug|Any CPU = Debug|Any CPU
		Release|Any CPU = Release|Any CPU
	EndGlobalSection
	GlobalSection(ProjectConfigurationPlatforms) = postSolution
		{10A5CF5C-1B22-42F7-B371-AE2BF164AA3E}.Debug|Any CPU.ActiveCfg = Debug|Any CPU
		{10A5CF5C-1B22-42F7-B371-AE2BF164AA3E}.Debug|Any CPU.Build.0 = Debug|Any CPU
		{10A5CF5C-1B22-42F7-B371-AE2BF164AA3E}.Release|Any CPU.ActiveCfg = Release|Any CPU
		{10A5CF5C-1B22-42F7-B371-AE2BF164AA3E}.Release|Any CPU.Build.0 = Release|Any CPU
	EndGlobalSection
	GlobalSection(SolutionProperties) = preSolution
		HideSolutionNode = FALSE
	EndGlobalSection
	GlobalSection(ExtensibilityGlobals) = postSolution
		SolutionGuid = {523A7A41-BC5B-4375-85C9-8A76597D2490}
	EndGlobalSection
EndGlobal
